
Microsoft Visual Studio Solution File, Format Version 12.00
# Visual Studio Version 17
VisualStudioVersion = 17.9.34902.65
MinimumVisualStudioVersion = 10.0.40219.1
Project("{FAE04EC0-301F-11D3-BF4B-00C04F79EFBC}") = "proyectoBase", "proyectoBase\proyectoBase.csproj", "{1E2DF404-B539-48CD-89B4-ED2FE612E388}"
EndProject
Global
	GlobalSection(SolutionConfigurationPlatforms) = preSolution
		Debug|Any CPU = Debug|Any CPU
		Release|Any CPU = Release|Any CPU
	EndGlobalSection
	GlobalSection(ProjectConfigurationPlatforms) = postSolution
		{1E2DF404-B539-48CD-89B4-ED2FE612E388}.Debug|Any CPU.ActiveCfg = Debug|Any CPU
		{1E2DF404-B539-48CD-89B4-ED2FE612E388}.Debug|Any CPU.Build.0 = Debug|Any CPU
		{1E2DF404-B539-48CD-89B4-ED2FE612E388}.Release|Any CPU.ActiveCfg = Release|Any CPU
		{1E2DF404-B539-48CD-89B4-ED2FE612E388}.Release|Any CPU.Build.0 = Release|Any CPU
	EndGlobalSection
	GlobalSection(SolutionProperties) = preSolution
		HideSolutionNode = FALSE
	EndGlobalSection
	GlobalSection(ExtensibilityGlobals) = postSolution
		SolutionGuid = {B8EF4846-693D-43CE-9958-AE6975F9562E}
	EndGlobalSection
EndGlobal
